
Microsoft Visual Studio Solution File, Format Version 12.00
# Visual Studio 15
VisualStudioVersion = 15.0.27130.2024
MinimumVisualStudioVersion = 10.0.40219.1
Project("{FAE04EC0-301F-11D3-BF4B-00C04F79EFBC}") = "Calculator", "Calculator\Calculator.csproj", "{42226A67-10A3-4933-8008-3F8469415788}"
EndProject
Global
	GlobalSection(SolutionConfigurationPlatforms) = preSolution
		Debug|Any CPU = Debug|Any CPU
		Release|Any CPU = Release|Any CPU
	EndGlobalSection
	GlobalSection(ProjectConfigurationPlatforms) = postSolution
		{42226A67-10A3-4933-8008-3F8469415788}.Debug|Any CPU.ActiveCfg = Debug|Any CPU
		{42226A67-10A3-4933-8008-3F8469415788}.Debug|Any CPU.Build.0 = Debug|Any CPU
		{42226A67-10A3-4933-8008-3F8469415788}.Debug|Any CPU.Deploy.0 = Debug|Any CPU
		{42226A67-10A3-4933-8008-3F8469415788}.Release|Any CPU.ActiveCfg = Release|Any CPU
		{42226A67-10A3-4933-8008-3F8469415788}.Release|Any CPU.Build.0 = Release|Any CPU
		{42226A67-10A3-4933-8008-3F8469415788}.Release|Any CPU.Deploy.0 = Release|Any CPU
	EndGlobalSection
	GlobalSection(SolutionProperties) = preSolution
		HideSolutionNode = FALSE
	EndGlobalSection
	GlobalSection(ExtensibilityGlobals) = postSolution
		SolutionGuid = {B4BAA70D-13A9-48C5-88CF-06C2B8B23C33}
	EndGlobalSection
EndGlobal
